
Microsoft Visual Studio Solution File, Format Version 12.00
# Visual Studio Version 16
VisualStudioVersion = 16.0.31409.214
MinimumVisualStudioVersion = 10.0.40219.1
Project("{FAE04EC0-301F-11D3-BF4B-00C04F79EFBC}") = "SslChecker", "SslChecker\SslChecker.csproj", "{296500EA-A304-4DCF-977D-0D0CED3D0A5D}"
EndProject
Global
	GlobalSection(SolutionConfigurationPlatforms) = preSolution
		Debug|Any CPU = Debug|Any CPU
		Release|Any CPU = Release|Any CPU
	EndGlobalSection
	GlobalSection(ProjectConfigurationPlatforms) = postSolution
		{296500EA-A304-4DCF-977D-0D0CED3D0A5D}.Debug|Any CPU.ActiveCfg = Debug|Any CPU
		{296500EA-A304-4DCF-977D-0D0CED3D0A5D}.Debug|Any CPU.Build.0 = Debug|Any CPU
		{296500EA-A304-4DCF-977D-0D0CED3D0A5D}.Release|Any CPU.ActiveCfg = Release|Any CPU
		{296500EA-A304-4DCF-977D-0D0CED3D0A5D}.Release|Any CPU.Build.0 = Release|Any CPU
	EndGlobalSection
	GlobalSection(SolutionProperties) = preSolution
		HideSolutionNode = FALSE
	EndGlobalSection
	GlobalSection(ExtensibilityGlobals) = postSolution
		SolutionGuid = {C3A3C2D3-E54C-4BAF-93EE-8863D0724C93}
	EndGlobalSection
EndGlobal
